
Microsoft Visual Studio Solution File, Format Version 12.00
Project("{FAE04EC0-301F-11D3-BF4B-00C04F79EFBC}") = "GlobalMarket", "GlobalMarket\GlobalMarket.csproj", "{025E099C-C046-4D4A-89C4-D770FE485E16}"
EndProject
Global
	GlobalSection(SolutionConfigurationPlatforms) = preSolution
		Debug|x64 = Debug|x64
		Release|x64 = Release|x64
	EndGlobalSection
	GlobalSection(ProjectConfigurationPlatforms) = postSolution
		{025E099C-C046-4D4A-89C4-D770FE485E16}.Debug|x64.ActiveCfg = Debug|x64
		{025E099C-C046-4D4A-89C4-D770FE485E16}.Debug|x64.Build.0 = Debug|x64
		{025E099C-C046-4D4A-89C4-D770FE485E16}.Release|x64.ActiveCfg = Release|x64
		{025E099C-C046-4D4A-89C4-D770FE485E16}.Release|x64.Build.0 = Release|x64
	EndGlobalSection
EndGlobal
